
Microsoft Visual Studio Solution File, Format Version 12.00
# Visual Studio Version 17
VisualStudioVersion = 17.14.37111.16 d17.14
MinimumVisualStudioVersion = 10.0.40219.1
Project("{FAE04EC0-301F-11D3-BF4B-00C04F79EFBC}") = "02_MVC", "02_MVC\02_MVC.csproj", "{88286AF1-BE9D-42C8-831D-8D7DDD57538A}"
EndProject
Global
	GlobalSection(SolutionConfigurationPlatforms) = preSolution
		Debug|Any CPU = Debug|Any CPU
		Release|Any CPU = Release|Any CPU
	EndGlobalSection
	GlobalSection(ProjectConfigurationPlatforms) = postSolution
		{88286AF1-BE9D-42C8-831D-8D7DDD57538A}.Debug|Any CPU.ActiveCfg = Debug|Any CPU
		{88286AF1-BE9D-42C8-831D-8D7DDD57538A}.Debug|Any CPU.Build.0 = Debug|Any CPU
		{88286AF1-BE9D-42C8-831D-8D7DDD57538A}.Release|Any CPU.ActiveCfg = Release|Any CPU
		{88286AF1-BE9D-42C8-831D-8D7DDD57538A}.Release|Any CPU.Build.0 = Release|Any CPU
	EndGlobalSection
	GlobalSection(SolutionProperties) = preSolution
		HideSolutionNode = FALSE
	EndGlobalSection
	GlobalSection(ExtensibilityGlobals) = postSolution
		SolutionGuid = {7188E54A-F561-4311-B508-E7AA1E7B34EE}
	EndGlobalSection
EndGlobal
